
Microsoft Visual Studio Solution File, Format Version 12.00
# Visual Studio Version 17
VisualStudioVersion = 17.4.33205.214
MinimumVisualStudioVersion = 10.0.40219.1
Project("{FAE04EC0-301F-11D3-BF4B-00C04F79EFBC}") = "homework", "homework\homework.csproj", "{DDC0ABB0-9301-4099-85C7-305A5E358CAD}"
EndProject
Global
	GlobalSection(SolutionConfigurationPlatforms) = preSolution
		Debug|Any CPU = Debug|Any CPU
		Release|Any CPU = Release|Any CPU
	EndGlobalSection
	GlobalSection(ProjectConfigurationPlatforms) = postSolution
		{DDC0ABB0-9301-4099-85C7-305A5E358CAD}.Debug|Any CPU.ActiveCfg = Debug|Any CPU
		{DDC0ABB0-9301-4099-85C7-305A5E358CAD}.Debug|Any CPU.Build.0 = Debug|Any CPU
		{DDC0ABB0-9301-4099-85C7-305A5E358CAD}.Release|Any CPU.ActiveCfg = Release|Any CPU
		{DDC0ABB0-9301-4099-85C7-305A5E358CAD}.Release|Any CPU.Build.0 = Release|Any CPU
	EndGlobalSection
	GlobalSection(SolutionProperties) = preSolution
		HideSolutionNode = FALSE
	EndGlobalSection
	GlobalSection(ExtensibilityGlobals) = postSolution
		SolutionGuid = {B4CE4F93-3C67-439D-B526-764A16C69A89}
	EndGlobalSection
EndGlobal
